
Microsoft Visual Studio Solution File, Format Version 12.00
# Visual Studio Version 16
VisualStudioVersion = 16.0.29512.175
MinimumVisualStudioVersion = 10.0.40219.1
Project("{FAE04EC0-301F-11D3-BF4B-00C04F79EFBC}") = "Hungabor01Website", "Hungabor01Website\Hungabor01Website.csproj", "{03ACE54E-F0AC-4961-8898-44E76C34F44A}"
EndProject
Global
	GlobalSection(SolutionConfigurationPlatforms) = preSolution
		Debug|Any CPU = Debug|Any CPU
		Release|Any CPU = Release|Any CPU
	EndGlobalSection
	GlobalSection(ProjectConfigurationPlatforms) = postSolution
		{03ACE54E-F0AC-4961-8898-44E76C34F44A}.Debug|Any CPU.ActiveCfg = Debug|Any CPU
		{03ACE54E-F0AC-4961-8898-44E76C34F44A}.Debug|Any CPU.Build.0 = Debug|Any CPU
		{03ACE54E-F0AC-4961-8898-44E76C34F44A}.Release|Any CPU.ActiveCfg = Release|Any CPU
		{03ACE54E-F0AC-4961-8898-44E76C34F44A}.Release|Any CPU.Build.0 = Release|Any CPU
	EndGlobalSection
	GlobalSection(SolutionProperties) = preSolution
		HideSolutionNode = FALSE
	EndGlobalSection
	GlobalSection(ExtensibilityGlobals) = postSolution
		SolutionGuid = {C05E9485-63A4-442E-B04D-7364ADB9FBEB}
	EndGlobalSection
EndGlobal
