
Microsoft Visual Studio Solution File, Format Version 12.00
# Visual Studio Version 16
VisualStudioVersion = 16.0.29512.175
MinimumVisualStudioVersion = 10.0.40219.1
Project("{9A19103F-16F7-4668-BE54-9A1E7A4F7556}") = "Hungabor01Website", "Hungabor01Website\Hungabor01Website.csproj", "{03ACE54E-F0AC-4961-8898-44E76C34F44A}"
EndProject
Project("{9A19103F-16F7-4668-BE54-9A1E7A4F7556}") = "Hungabor01Website.Tests", "Hungabor01Website.Tests\Hungabor01Website.Tests.csproj", "{29BC3957-3A98-4D23-8552-CE2054072303}"
EndProject
Project("{FAE04EC0-301F-11D3-BF4B-00C04F79EFBC}") = "Common", "Common\Common.csproj", "{ADD5AFD7-7A91-4A2A-BA16-0D260746ED1F}"
EndProject
Project("{FAE04EC0-301F-11D3-BF4B-00C04F79EFBC}") = "Database", "Database\Database.csproj", "{F06F53FA-F347-4FC3-B006-1EFB185D1AE2}"
EndProject
Project("{FAE04EC0-301F-11D3-BF4B-00C04F79EFBC}") = "DataAccess", "DataAccess\DataAccess.csproj", "{0AE4F7E4-5BF9-45C0-9297-A4A6E017E8AC}"
EndProject
Project("{FAE04EC0-301F-11D3-BF4B-00C04F79EFBC}") = "BusinessLogic", "BusinessLogic\BusinessLogic.csproj", "{3B6F547D-2079-4639-A795-D7D99DF83F35}"
EndProject
Global
	GlobalSection(SolutionConfigurationPlatforms) = preSolution
		Debug|Any CPU = Debug|Any CPU
		Release|Any CPU = Release|Any CPU
	EndGlobalSection
	GlobalSection(ProjectConfigurationPlatforms) = postSolution
		{03ACE54E-F0AC-4961-8898-44E76C34F44A}.Debug|Any CPU.ActiveCfg = Debug|Any CPU
		{03ACE54E-F0AC-4961-8898-44E76C34F44A}.Debug|Any CPU.Build.0 = Debug|Any CPU
		{03ACE54E-F0AC-4961-8898-44E76C34F44A}.Release|Any CPU.ActiveCfg = Release|Any CPU
		{03ACE54E-F0AC-4961-8898-44E76C34F44A}.Release|Any CPU.Build.0 = Release|Any CPU
		{29BC3957-3A98-4D23-8552-CE2054072303}.Debug|Any CPU.ActiveCfg = Debug|Any CPU
		{29BC3957-3A98-4D23-8552-CE2054072303}.Debug|Any CPU.Build.0 = Debug|Any CPU
		{29BC3957-3A98-4D23-8552-CE2054072303}.Release|Any CPU.ActiveCfg = Release|Any CPU
		{29BC3957-3A98-4D23-8552-CE2054072303}.Release|Any CPU.Build.0 = Release|Any CPU
		{ADD5AFD7-7A91-4A2A-BA16-0D260746ED1F}.Debug|Any CPU.ActiveCfg = Debug|Any CPU
		{ADD5AFD7-7A91-4A2A-BA16-0D260746ED1F}.Debug|Any CPU.Build.0 = Debug|Any CPU
		{ADD5AFD7-7A91-4A2A-BA16-0D260746ED1F}.Release|Any CPU.ActiveCfg = Release|Any CPU
		{ADD5AFD7-7A91-4A2A-BA16-0D260746ED1F}.Release|Any CPU.Build.0 = Release|Any CPU
		{F06F53FA-F347-4FC3-B006-1EFB185D1AE2}.Debug|Any CPU.ActiveCfg = Debug|Any CPU
		{F06F53FA-F347-4FC3-B006-1EFB185D1AE2}.Debug|Any CPU.Build.0 = Debug|Any CPU
		{F06F53FA-F347-4FC3-B006-1EFB185D1AE2}.Release|Any CPU.ActiveCfg = Release|Any CPU
		{F06F53FA-F347-4FC3-B006-1EFB185D1AE2}.Release|Any CPU.Build.0 = Release|Any CPU
		{0AE4F7E4-5BF9-45C0-9297-A4A6E017E8AC}.Debug|Any CPU.ActiveCfg = Debug|Any CPU
		{0AE4F7E4-5BF9-45C0-9297-A4A6E017E8AC}.Debug|Any CPU.Build.0 = Debug|Any CPU
		{0AE4F7E4-5BF9-45C0-9297-A4A6E017E8AC}.Release|Any CPU.ActiveCfg = Release|Any CPU
		{0AE4F7E4-5BF9-45C0-9297-A4A6E017E8AC}.Release|Any CPU.Build.0 = Release|Any CPU
		{3B6F547D-2079-4639-A795-D7D99DF83F35}.Debug|Any CPU.ActiveCfg = Debug|Any CPU
		{3B6F547D-2079-4639-A795-D7D99DF83F35}.Debug|Any CPU.Build.0 = Debug|Any CPU
		{3B6F547D-2079-4639-A795-D7D99DF83F35}.Release|Any CPU.ActiveCfg = Release|Any CPU
		{3B6F547D-2079-4639-A795-D7D99DF83F35}.Release|Any CPU.Build.0 = Release|Any CPU
	EndGlobalSection
	GlobalSection(SolutionProperties) = preSolution
		HideSolutionNode = FALSE
	EndGlobalSection
	GlobalSection(ExtensibilityGlobals) = postSolution
		SolutionGuid = {C05E9485-63A4-442E-B04D-7364ADB9FBEB}
	EndGlobalSection
EndGlobal
